
Microsoft Visual Studio Solution File, Format Version 12.00
# Visual Studio Version 17
VisualStudioVersion = 17.6.33829.357
MinimumVisualStudioVersion = 10.0.40219.1
Project("{FAE04EC0-301F-11D3-BF4B-00C04F79EFBC}") = "SelectionSort", "SelectionSort\SelectionSort.csproj", "{45E91012-1272-403B-B49E-4E7B2FD28698}"
EndProject
Global
	GlobalSection(SolutionConfigurationPlatforms) = preSolution
		Debug|Any CPU = Debug|Any CPU
		Release|Any CPU = Release|Any CPU
	EndGlobalSection
	GlobalSection(ProjectConfigurationPlatforms) = postSolution
		{45E91012-1272-403B-B49E-4E7B2FD28698}.Debug|Any CPU.ActiveCfg = Debug|Any CPU
		{45E91012-1272-403B-B49E-4E7B2FD28698}.Debug|Any CPU.Build.0 = Debug|Any CPU
		{45E91012-1272-403B-B49E-4E7B2FD28698}.Release|Any CPU.ActiveCfg = Release|Any CPU
		{45E91012-1272-403B-B49E-4E7B2FD28698}.Release|Any CPU.Build.0 = Release|Any CPU
	EndGlobalSection
	GlobalSection(SolutionProperties) = preSolution
		HideSolutionNode = FALSE
	EndGlobalSection
	GlobalSection(ExtensibilityGlobals) = postSolution
		SolutionGuid = {C36B6276-C9A5-4D75-B5AE-2843ECE7C930}
	EndGlobalSection
EndGlobal
